
Microsoft Visual Studio Solution File, Format Version 12.00
# Visual Studio Version 17
VisualStudioVersion = 17.7.34221.43
MinimumVisualStudioVersion = 10.0.40219.1
Project("{FAE04EC0-301F-11D3-BF4B-00C04F79EFBC}") = "SarathCodeChallenge", "SarathCodeChallenge\SarathCodeChallenge.csproj", "{9ACEA262-6682-4112-874A-800F77CB6333}"
EndProject
Global
	GlobalSection(SolutionConfigurationPlatforms) = preSolution
		Debug|Any CPU = Debug|Any CPU
		Release|Any CPU = Release|Any CPU
	EndGlobalSection
	GlobalSection(ProjectConfigurationPlatforms) = postSolution
		{9ACEA262-6682-4112-874A-800F77CB6333}.Debug|Any CPU.ActiveCfg = Debug|Any CPU
		{9ACEA262-6682-4112-874A-800F77CB6333}.Debug|Any CPU.Build.0 = Debug|Any CPU
		{9ACEA262-6682-4112-874A-800F77CB6333}.Release|Any CPU.ActiveCfg = Release|Any CPU
		{9ACEA262-6682-4112-874A-800F77CB6333}.Release|Any CPU.Build.0 = Release|Any CPU
	EndGlobalSection
	GlobalSection(SolutionProperties) = preSolution
		HideSolutionNode = FALSE
	EndGlobalSection
	GlobalSection(ExtensibilityGlobals) = postSolution
		SolutionGuid = {FA20D910-E2FF-4B6B-B96A-E2CF8E25E839}
	EndGlobalSection
EndGlobal
